// !$*UTF8*$!
{
	archiveVersion = 1;
	classes = {
	};
	objectVersion = 55;
	objects = {

/* Begin PBXBuildFile section */
		9CDFB6C327F7156500AC49CF /* AppDelegate.swift in Sources */ = {isa = PBXBuildFile; fileRef = 9CDFB6C227F7156500AC49CF /* AppDelegate.swift */; };
		9CDFB6C527F7156500AC49CF /* SceneDelegate.swift in Sources */ = {isa = PBXBuildFile; fileRef = 9CDFB6C427F7156500AC49CF /* SceneDelegate.swift */; };
		9CDFB6CF27F7156500AC49CF /* LaunchScreen.storyboard in Resources */ = {isa = PBXBuildFile; fileRef = 9CDFB6CD27F7156500AC49CF /* LaunchScreen.storyboard */; };
		9CDFB6D827F71F7400AC49CF /* Course.swift in Sources */ = {isa = PBXBuildFile; fileRef = 9CDFB6D727F71F7400AC49CF /* Course.swift */; };
		9CDFB6DD27F7201000AC49CF /* CourseDetailsViewModel.swift in Sources */ = {isa = PBXBuildFile; fileRef = 9CDFB6DC27F7201000AC49CF /* CourseDetailsViewModel.swift */; };
		9CDFB6E327F723A400AC49CF /* CourseDetailsViewController.swift in Sources */ = {isa = PBXBuildFile; fileRef = 9CDFB6E227F723A400AC49CF /* CourseDetailsViewController.swift */; };
		9CDFB6E527F724F900AC49CF /* NetworkManager.swift in Sources */ = {isa = PBXBuildFile; fileRef = 9CDFB6E427F724F900AC49CF /* NetworkManager.swift */; };
		9CDFB6ED27F728AE00AC49CF /* CourseListViewModel.swift in Sources */ = {isa = PBXBuildFile; fileRef = 9CDFB6EC27F728AE00AC49CF /* CourseListViewModel.swift */; };
		9CDFB6EF27F72D8F00AC49CF /* CourseCellViewModel.swift in Sources */ = {isa = PBXBuildFile; fileRef = 9CDFB6EE27F72D8F00AC49CF /* CourseCellViewModel.swift */; };
		9CDFB6F227F72DEB00AC49CF /* CourseTableViewCell.swift in Sources */ = {isa = PBXBuildFile; fileRef = 9CDFB6F127F72DEB00AC49CF /* CourseTableViewCell.swift */; };
		9CDFB6F427F72EC700AC49CF /* ImageManager.swift in Sources */ = {isa = PBXBuildFile; fileRef = 9CDFB6F327F72EC700AC49CF /* ImageManager.swift */; };
		9CDFB74127F73EEE00AC49CF /* CourseListViewController.swift in Sources */ = {isa = PBXBuildFile; fileRef = 9CDFB74027F73EEE00AC49CF /* CourseListViewController.swift */; };
		9CDFB74527F7407A00AC49CF /* Main.storyboard in Resources */ = {isa = PBXBuildFile; fileRef = 9CDFB74427F7407A00AC49CF /* Main.storyboard */; };
		9CDFB74727F7429F00AC49CF /* DataManager.swift in Sources */ = {isa = PBXBuildFile; fileRef = 9CDFB74627F7429F00AC49CF /* DataManager.swift */; };
/* End PBXBuildFile section */

/* Begin PBXFileReference section */
		9CDFB6BF27F7156500AC49CF /* MVVM UIKit.app */ = {isa = PBXFileReference; explicitFileType = wrapper.application; includeInIndex = 0; path = "MVVM UIKit.app"; sourceTree = BUILT_PRODUCTS_DIR; };
		9CDFB6C227F7156500AC49CF /* AppDelegate.swift */ = {isa = PBXFileReference; lastKnownFileType = sourcecode.swift; path = AppDelegate.swift; sourceTree = "<group>"; };
		9CDFB6C427F7156500AC49CF /* SceneDelegate.swift */ = {isa = PBXFileReference; lastKnownFileType = sourcecode.swift; path = SceneDelegate.swift; sourceTree = "<group>"; };
		9CDFB6CE27F7156500AC49CF /* Base */ = {isa = PBXFileReference; lastKnownFileType = file.storyboard; name = Base; path = Base.lproj/LaunchScreen.storyboard; sourceTree = "<group>"; };
		9CDFB6D027F7156500AC49CF /* Info.plist */ = {isa = PBXFileReference; lastKnownFileType = text.plist.xml; path = Info.plist; sourceTree = "<group>"; };
		9CDFB6D727F71F7400AC49CF /* Course.swift */ = {isa = PBXFileReference; fileEncoding = 4; lastKnownFileType = sourcecode.swift; path = Course.swift; sourceTree = "<group>"; };
		9CDFB6DC27F7201000AC49CF /* CourseDetailsViewModel.swift */ = {isa = PBXFileReference; lastKnownFileType = sourcecode.swift; path = CourseDetailsViewModel.swift; sourceTree = "<group>"; };
		9CDFB6E227F723A400AC49CF /* CourseDetailsViewController.swift */ = {isa = PBXFileReference; fileEncoding = 4; lastKnownFileType = sourcecode.swift; path = CourseDetailsViewController.swift; sourceTree = "<group>"; };
		9CDFB6E427F724F900AC49CF /* NetworkManager.swift */ = {isa = PBXFileReference; lastKnownFileType = sourcecode.swift; path = NetworkManager.swift; sourceTree = "<group>"; };
		9CDFB6EC27F728AE00AC49CF /* CourseListViewModel.swift */ = {isa = PBXFileReference; lastKnownFileType = sourcecode.swift; path = CourseListViewModel.swift; sourceTree = "<group>"; };
		9CDFB6EE27F72D8F00AC49CF /* CourseCellViewModel.swift */ = {isa = PBXFileReference; lastKnownFileType = sourcecode.swift; path = CourseCellViewModel.swift; sourceTree = "<group>"; };
		9CDFB6F127F72DEB00AC49CF /* CourseTableViewCell.swift */ = {isa = PBXFileReference; lastKnownFileType = sourcecode.swift; path = CourseTableViewCell.swift; sourceTree = "<group>"; };
		9CDFB6F327F72EC700AC49CF /* ImageManager.swift */ = {isa = PBXFileReference; lastKnownFileType = sourcecode.swift; path = ImageManager.swift; sourceTree = "<group>"; };
		9CDFB6F627F72EDE00AC49CF /* Assets.xcassets */ = {isa = PBXFileReference; lastKnownFileType = folder.assetcatalog; path = Assets.xcassets; sourceTree = "<group>"; };
		9CDFB74027F73EEE00AC49CF /* CourseListViewController.swift */ = {isa = PBXFileReference; fileEncoding = 4; lastKnownFileType = sourcecode.swift; path = CourseListViewController.swift; sourceTree = "<group>"; };
		9CDFB74427F7407A00AC49CF /* Main.storyboard */ = {isa = PBXFileReference; fileEncoding = 4; lastKnownFileType = file.storyboard; path = Main.storyboard; sourceTree = "<group>"; };
		9CDFB74627F7429F00AC49CF /* DataManager.swift */ = {isa = PBXFileReference; lastKnownFileType = sourcecode.swift; path = DataManager.swift; sourceTree = "<group>"; };
/* End PBXFileReference section */

/* Begin PBXFrameworksBuildPhase section */
		9CDFB6BC27F7156500AC49CF /* Frameworks */ = {
			isa = PBXFrameworksBuildPhase;
			buildActionMask = 2147483647;
			files = (
			);
			runOnlyForDeploymentPostprocessing = 0;
		};
/* End PBXFrameworksBuildPhase section */

/* Begin PBXGroup section */
		9CDFB6B627F7156500AC49CF = {
			isa = PBXGroup;
			children = (
				9CDFB6C127F7156500AC49CF /* MVVM UIKit */,
				9CDFB6C027F7156500AC49CF /* Products */,
			);
			sourceTree = "<group>";
		};
		9CDFB6C027F7156500AC49CF /* Products */ = {
			isa = PBXGroup;
			children = (
				9CDFB6BF27F7156500AC49CF /* MVVM UIKit.app */,
			);
			name = Products;
			sourceTree = "<group>";
		};
		9CDFB6C127F7156500AC49CF /* MVVM UIKit */ = {
			isa = PBXGroup;
			children = (
				9CDFB6EA27F7288F00AC49CF /* CourseList */,
				9CDFB6D927F71F8500AC49CF /* CourseDetails */,
				9CDFB6D627F71F7400AC49CF /* Models */,
				9CDFB6F927F72F5700AC49CF /* Services */,
				9CDFB6F827F72F2000AC49CF /* Storyboard */,
				9CDFB6F727F72F0200AC49CF /* Supporting Files */,
				9CDFB6F527F72EDE00AC49CF /* Resources */,
				9CDFB6C427F7156500AC49CF /* SceneDelegate.swift */,
			);
			path = "MVVM UIKit";
			sourceTree = "<group>";
		};
		9CDFB6D627F71F7400AC49CF /* Models */ = {
			isa = PBXGroup;
			children = (
				9CDFB6D727F71F7400AC49CF /* Course.swift */,
			);
			path = Models;
			sourceTree = "<group>";
		};
		9CDFB6D927F71F8500AC49CF /* CourseDetails */ = {
			isa = PBXGroup;
			children = (
				9CDFB6E227F723A400AC49CF /* CourseDetailsViewController.swift */,
				9CDFB6DC27F7201000AC49CF /* CourseDetailsViewModel.swift */,
			);
			path = CourseDetails;
			sourceTree = "<group>";
		};
		9CDFB6EA27F7288F00AC49CF /* CourseList */ = {
			isa = PBXGroup;
			children = (
				9CDFB6F027F72DA900AC49CF /* CourseCell */,
				9CDFB74027F73EEE00AC49CF /* CourseListViewController.swift */,
				9CDFB6EC27F728AE00AC49CF /* CourseListViewModel.swift */,
			);
			path = CourseList;
			sourceTree = "<group>";
		};
		9CDFB6F027F72DA900AC49CF /* CourseCell */ = {
			isa = PBXGroup;
			children = (
				9CDFB6F127F72DEB00AC49CF /* CourseTableViewCell.swift */,
				9CDFB6EE27F72D8F00AC49CF /* CourseCellViewModel.swift */,
			);
			path = CourseCell;
			sourceTree = "<group>";
		};
		9CDFB6F527F72EDE00AC49CF /* Resources */ = {
			isa = PBXGroup;
			children = (
				9CDFB6F627F72EDE00AC49CF /* Assets.xcassets */,
			);
			path = Resources;
			sourceTree = "<group>";
		};
		9CDFB6F727F72F0200AC49CF /* Supporting Files */ = {
			isa = PBXGroup;
			children = (
				9CDFB6C227F7156500AC49CF /* AppDelegate.swift */,
				9CDFB6D027F7156500AC49CF /* Info.plist */,
			);
			path = "Supporting Files";
			sourceTree = "<group>";
		};
		9CDFB6F827F72F2000AC49CF /* Storyboard */ = {
			isa = PBXGroup;
			children = (
				9CDFB74427F7407A00AC49CF /* Main.storyboard */,
				9CDFB6CD27F7156500AC49CF /* LaunchScreen.storyboard */,
			);
			path = Storyboard;
			sourceTree = "<group>";
		};
		9CDFB6F927F72F5700AC49CF /* Services */ = {
			isa = PBXGroup;
			children = (
				9CDFB6E427F724F900AC49CF /* NetworkManager.swift */,
				9CDFB6F327F72EC700AC49CF /* ImageManager.swift */,
				9CDFB74627F7429F00AC49CF /* DataManager.swift */,
			);
			path = Services;
			sourceTree = "<group>";
		};
/* End PBXGroup section */

/* Begin PBXNativeTarget section */
		9CDFB6BE27F7156500AC49CF /* MVVM UIKit */ = {
			isa = PBXNativeTarget;
			buildConfigurationList = 9CDFB6D327F7156500AC49CF /* Build configuration list for PBXNativeTarget "MVVM UIKit" */;
			buildPhases = (
				9CDFB6BB27F7156500AC49CF /* Sources */,
				9CDFB6BC27F7156500AC49CF /* Frameworks */,
				9CDFB6BD27F7156500AC49CF /* Resources */,
			);
			buildRules = (
			);
			dependencies = (
			);
			name = "MVVM UIKit";
			productName = "MVVM UIKit";
			productReference = 9CDFB6BF27F7156500AC49CF /* MVVM UIKit.app */;
			productType = "com.apple.product-type.application";
		};
/* End PBXNativeTarget section */

/* Begin PBXProject section */
		9CDFB6B727F7156500AC49CF /* Project object */ = {
			isa = PBXProject;
			attributes = {
				BuildIndependentTargetsInParallel = 1;
				LastSwiftUpdateCheck = 1330;
				LastUpgradeCheck = 1330;
				TargetAttributes = {
					9CDFB6BE27F7156500AC49CF = {
						CreatedOnToolsVersion = 13.3;
					};
				};
			};
			buildConfigurationList = 9CDFB6BA27F7156500AC49CF /* Build configuration list for PBXProject "MVVM UIKit" */;
			compatibilityVersion = "Xcode 13.0";
			developmentRegion = en;
			hasScannedForEncodings = 0;
			knownRegions = (
				en,
				Base,
			);
			mainGroup = 9CDFB6B627F7156500AC49CF;
			productRefGroup = 9CDFB6C027F7156500AC49CF /* Products */;
			projectDirPath = "";
			projectRoot = "";
			targets = (
				9CDFB6BE27F7156500AC49CF /* MVVM UIKit */,
			);
		};
/* End PBXProject section */

/* Begin PBXResourcesBuildPhase section */
		9CDFB6BD27F7156500AC49CF /* Resources */ = {
			isa = PBXResourcesBuildPhase;
			buildActionMask = 2147483647;
			files = (
				9CDFB6CF27F7156500AC49CF /* LaunchScreen.storyboard in Resources */,
				9CDFB74527F7407A00AC49CF /* Main.storyboard in Resources */,
			);
			runOnlyForDeploymentPostprocessing = 0;
		};
/* End PBXResourcesBuildPhase section */

/* Begin PBXSourcesBuildPhase section */
		9CDFB6BB27F7156500AC49CF /* Sources */ = {
			isa = PBXSourcesBuildPhase;
			buildActionMask = 2147483647;
			files = (
				9CDFB6E527F724F900AC49CF /* NetworkManager.swift in Sources */,
				9CDFB74727F7429F00AC49CF /* DataManager.swift in Sources */,
				9CDFB6E327F723A400AC49CF /* CourseDetailsViewController.swift in Sources */,
				9CDFB74127F73EEE00AC49CF /* CourseListViewController.swift in Sources */,
				9CDFB6DD27F7201000AC49CF /* CourseDetailsViewModel.swift in Sources */,
				9CDFB6EF27F72D8F00AC49CF /* CourseCellViewModel.swift in Sources */,
				9CDFB6F227F72DEB00AC49CF /* CourseTableViewCell.swift in Sources */,
				9CDFB6D827F71F7400AC49CF /* Course.swift in Sources */,
				9CDFB6ED27F728AE00AC49CF /* CourseListViewModel.swift in Sources */,
				9CDFB6C327F7156500AC49CF /* AppDelegate.swift in Sources */,
				9CDFB6F427F72EC700AC49CF /* ImageManager.swift in Sources */,
				9CDFB6C527F7156500AC49CF /* SceneDelegate.swift in Sources */,
			);
			runOnlyForDeploymentPostprocessing = 0;
		};
/* End PBXSourcesBuildPhase section */

/* Begin PBXVariantGroup section */
		9CDFB6CD27F7156500AC49CF /* LaunchScreen.storyboard */ = {
			isa = PBXVariantGroup;
			children = (
				9CDFB6CE27F7156500AC49CF /* Base */,
			);
			name = LaunchScreen.storyboard;
			sourceTree = "<group>";
		};
/* End PBXVariantGroup section */

/* Begin XCBuildConfiguration section */
		9CDFB6D127F7156500AC49CF /* Debug */ = {
			isa = XCBuildConfiguration;
			buildSettings = {
				ALWAYS_SEARCH_USER_PATHS = NO;
				CLANG_ANALYZER_NONNULL = YES;
				CLANG_ANALYZER_NUMBER_OBJECT_CONVERSION = YES_AGGRESSIVE;
				CLANG_CXX_LANGUAGE_STANDARD = "gnu++17";
				CLANG_ENABLE_MODULES = YES;
				CLANG_ENABLE_OBJC_ARC = YES;
				CLANG_ENABLE_OBJC_WEAK = YES;
				CLANG_WARN_BLOCK_CAPTURE_AUTORELEASING = YES;
				CLANG_WARN_BOOL_CONVERSION = YES;
				CLANG_WARN_COMMA = YES;
				CLANG_WARN_CONSTANT_CONVERSION = YES;
				CLANG_WARN_DEPRECATED_OBJC_IMPLEMENTATIONS = YES;
				CLANG_WARN_DIRECT_OBJC_ISA_USAGE = YES_ERROR;
				CLANG_WARN_DOCUMENTATION_COMMENTS = YES;
				CLANG_WARN_EMPTY_BODY = YES;
				CLANG_WARN_ENUM_CONVERSION = YES;
				CLANG_WARN_INFINITE_RECURSION = YES;
				CLANG_WARN_INT_CONVERSION = YES;
				CLANG_WARN_NON_LITERAL_NULL_CONVERSION = YES;
				CLANG_WARN_OBJC_IMPLICIT_RETAIN_SELF = YES;
				CLANG_WARN_OBJC_LITERAL_CONVERSION = YES;
				CLANG_WARN_OBJC_ROOT_CLASS = YES_ERROR;
				CLANG_WARN_QUOTED_INCLUDE_IN_FRAMEWORK_HEADER = YES;
				CLANG_WARN_RANGE_LOOP_ANALYSIS = YES;
				CLANG_WARN_STRICT_PROTOTYPES = YES;
				CLANG_WARN_SUSPICIOUS_MOVE = YES;
				CLANG_WARN_UNGUARDED_AVAILABILITY = YES_AGGRESSIVE;
				CLANG_WARN_UNREACHABLE_CODE = YES;
				CLANG_WARN__DUPLICATE_METHOD_MATCH = YES;
				COPY_PHASE_STRIP = NO;
				DEBUG_INFORMATION_FORMAT = dwarf;
				ENABLE_STRICT_OBJC_MSGSEND = YES;
				ENABLE_TESTABILITY = YES;
				GCC_C_LANGUAGE_STANDARD = gnu11;
				GCC_DYNAMIC_NO_PIC = NO;
				GCC_NO_COMMON_BLOCKS = YES;
				GCC_OPTIMIZATION_LEVEL = 0;
				GCC_PREPROCESSOR_DEFINITIONS = (
					"DEBUG=1",
					"$(inherited)",
				);
				GCC_WARN_64_TO_32_BIT_CONVERSION = YES;
				GCC_WARN_ABOUT_RETURN_TYPE = YES_ERROR;
				GCC_WARN_UNDECLARED_SELECTOR = YES;
				GCC_WARN_UNINITIALIZED_AUTOS = YES_AGGRESSIVE;
				GCC_WARN_UNUSED_FUNCTION = YES;
				GCC_WARN_UNUSED_VARIABLE = YES;
				IPHONEOS_DEPLOYMENT_TARGET = 15.4;
				MTL_ENABLE_DEBUG_INFO = INCLUDE_SOURCE;
				MTL_FAST_MATH = YES;
				ONLY_ACTIVE_ARCH = YES;
				SDKROOT = iphoneos;
				SWIFT_ACTIVE_COMPILATION_CONDITIONS = DEBUG;
				SWIFT_OPTIMIZATION_LEVEL = "-Onone";
			};
			name = Debug;
		};
		9CDFB6D227F7156500AC49CF /* Release */ = {
			isa = XCBuildConfiguration;
			buildSettings = {
				ALWAYS_SEARCH_USER_PATHS = NO;
				CLANG_ANALYZER_NONNULL = YES;
				CLANG_ANALYZER_NUMBER_OBJECT_CONVERSION = YES_AGGRESSIVE;
				CLANG_CXX_LANGUAGE_STANDARD = "gnu++17";
				CLANG_ENABLE_MODULES = YES;
				CLANG_ENABLE_OBJC_ARC = YES;
				CLANG_ENABLE_OBJC_WEAK = YES;
				CLANG_WARN_BLOCK_CAPTURE_AUTORELEASING = YES;
				CLANG_WARN_BOOL_CONVERSION = YES;
				CLANG_WARN_COMMA = YES;
				CLANG_WARN_CONSTANT_CONVERSION = YES;
				CLANG_WARN_DEPRECATED_OBJC_IMPLEMENTATIONS = YES;
				CLANG_WARN_DIRECT_OBJC_ISA_USAGE = YES_ERROR;
				CLANG_WARN_DOCUMENTATION_COMMENTS = YES;
				CLANG_WARN_EMPTY_BODY = YES;
				CLANG_WARN_ENUM_CONVERSION = YES;
				CLANG_WARN_INFINITE_RECURSION = YES;
				CLANG_WARN_INT_CONVERSION = YES;
				CLANG_WARN_NON_LITERAL_NULL_CONVERSION = YES;
				CLANG_WARN_OBJC_IMPLICIT_RETAIN_SELF = YES;
				CLANG_WARN_OBJC_LITERAL_CONVERSION = YES;
				CLANG_WARN_OBJC_ROOT_CLASS = YES_ERROR;
				CLANG_WARN_QUOTED_INCLUDE_IN_FRAMEWORK_HEADER = YES;
				CLANG_WARN_RANGE_LOOP_ANALYSIS = YES;
				CLANG_WARN_STRICT_PROTOTYPES = YES;
				CLANG_WARN_SUSPICIOUS_MOVE = YES;
				CLANG_WARN_UNGUARDED_AVAILABILITY = YES_AGGRESSIVE;
				CLANG_WARN_UNREACHABLE_CODE = YES;
				CLANG_WARN__DUPLICATE_METHOD_MATCH = YES;
				COPY_PHASE_STRIP = NO;
				DEBUG_INFORMATION_FORMAT = "dwarf-with-dsym";
				ENABLE_NS_ASSERTIONS = NO;
				ENABLE_STRICT_OBJC_MSGSEND = YES;
				GCC_C_LANGUAGE_STANDARD = gnu11;
				GCC_NO_COMMON_BLOCKS = YES;
				GCC_WARN_64_TO_32_BIT_CONVERSION = YES;
				GCC_WARN_ABOUT_RETURN_TYPE = YES_ERROR;
				GCC_WARN_UNDECLARED_SELECTOR = YES;
				GCC_WARN_UNINITIALIZED_AUTOS = YES_AGGRESSIVE;
				GCC_WARN_UNUSED_FUNCTION = YES;
				GCC_WARN_UNUSED_VARIABLE = YES;
				IPHONEOS_DEPLOYMENT_TARGET = 15.4;
				MTL_ENABLE_DEBUG_INFO = NO;
				MTL_FAST_MATH = YES;
				SDKROOT = iphoneos;
				SWIFT_COMPILATION_MODE = wholemodule;
				SWIFT_OPTIMIZATION_LEVEL = "-O";
				VALIDATE_PRODUCT = YES;
			};
			name = Release;
		};
		9CDFB6D427F7156500AC49CF /* Debug */ = {
			isa = XCBuildConfiguration;
			buildSettings = {
				ASSETCATALOG_COMPILER_APPICON_NAME = AppIcon;
				ASSETCATALOG_COMPILER_GLOBAL_ACCENT_COLOR_NAME = AccentColor;
				CODE_SIGN_STYLE = Automatic;
				CURRENT_PROJECT_VERSION = 1;
				DEVELOPMENT_TEAM = Q5RV2AMVQ8;
				GENERATE_INFOPLIST_FILE = YES;
				INFOPLIST_FILE = "MVVM UIKit/Supporting Files/Info.plist";
				INFOPLIST_KEY_UIApplicationSupportsIndirectInputEvents = YES;
				INFOPLIST_KEY_UILaunchStoryboardName = LaunchScreen;
				INFOPLIST_KEY_UIMainStoryboardFile = Main;
				INFOPLIST_KEY_UISupportedInterfaceOrientations_iPad = "UIInterfaceOrientationPortrait UIInterfaceOrientationPortraitUpsideDown UIInterfaceOrientationLandscapeLeft UIInterfaceOrientationLandscapeRight";
				INFOPLIST_KEY_UISupportedInterfaceOrientations_iPhone = "UIInterfaceOrientationPortrait UIInterfaceOrientationLandscapeLeft UIInterfaceOrientationLandscapeRight";
				LD_RUNPATH_SEARCH_PATHS = (
					"$(inherited)",
					"@executable_path/Frameworks",
				);
				MARKETING_VERSION = 1.0;
				PRODUCT_BUNDLE_IDENTIFIER = "Bogdan.MVVM-UIKit";
				PRODUCT_NAME = "$(TARGET_NAME)";
				SWIFT_EMIT_LOC_STRINGS = YES;
				SWIFT_VERSION = 5.0;
				TARGETED_DEVICE_FAMILY = 1;
			};
			name = Debug;
		};
		9CDFB6D527F7156500AC49CF /* Release */ = {
			isa = XCBuildConfiguration;
			buildSettings = {
				ASSETCATALOG_COMPILER_APPICON_NAME = AppIcon;
				ASSETCATALOG_COMPILER_GLOBAL_ACCENT_COLOR_NAME = AccentColor;
				CODE_SIGN_STYLE = Automatic;
				CURRENT_PROJECT_VERSION = 1;
				DEVELOPMENT_TEAM = Q5RV2AMVQ8;
				GENERATE_INFOPLIST_FILE = YES;
				INFOPLIST_FILE = "MVVM UIKit/Supporting Files/Info.plist";
				INFOPLIST_KEY_UIApplicationSupportsIndirectInputEvents = YES;
				INFOPLIST_KEY_UILaunchStoryboardName = LaunchScreen;
				INFOPLIST_KEY_UIMainStoryboardFile = Main;
				INFOPLIST_KEY_UISupportedInterfaceOrientations_iPad = "UIInterfaceOrientationPortrait UIInterfaceOrientationPortraitUpsideDown UIInterfaceOrientationLandscapeLeft UIInterfaceOrientationLandscapeRight";
				INFOPLIST_KEY_UISupportedInterfaceOrientations_iPhone = "UIInterfaceOrientationPortrait UIInterfaceOrientationLandscapeLeft UIInterfaceOrientationLandscapeRight";
				LD_RUNPATH_SEARCH_PATHS = (
					"$(inherited)",
					"@executable_path/Frameworks",
				);
				MARKETING_VERSION = 1.0;
				PRODUCT_BUNDLE_IDENTIFIER = "Bogdan.MVVM-UIKit";
				PRODUCT_NAME = "$(TARGET_NAME)";
				SWIFT_EMIT_LOC_STRINGS = YES;
				SWIFT_VERSION = 5.0;
				TARGETED_DEVICE_FAMILY = 1;
			};
			name = Release;
		};
/* End XCBuildConfiguration section */

/* Begin XCConfigurationList section */
		9CDFB6BA27F7156500AC49CF /* Build configuration list for PBXProject "MVVM UIKit" */ = {
			isa = XCConfigurationList;
			buildConfigurations = (
				9CDFB6D127F7156500AC49CF /* Debug */,
				9CDFB6D227F7156500AC49CF /* Release */,
			);
			defaultConfigurationIsVisible = 0;
			defaultConfigurationName = Release;
		};
		9CDFB6D327F7156500AC49CF /* Build configuration list for PBXNativeTarget "MVVM UIKit" */ = {
			isa = XCConfigurationList;
			buildConfigurations = (
				9CDFB6D427F7156500AC49CF /* Debug */,
				9CDFB6D527F7156500AC49CF /* Release */,
			);
			defaultConfigurationIsVisible = 0;
			defaultConfigurationName = Release;
		};
/* End XCConfigurationList section */
	};
	rootObject = 9CDFB6B727F7156500AC49CF /* Project object */;
}
